
Microsoft Visual Studio Solution File, Format Version 12.00
# Visual Studio Version 17
VisualStudioVersion = 17.14.36121.58 d17.14
MinimumVisualStudioVersion = 10.0.40219.1
Project("{FAE04EC0-301F-11D3-BF4B-00C04F79EFBC}") = "masterMind", "masterMind\masterMind.csproj", "{55FCD1F7-76D0-4A91-984B-90B0324B8B2B}"
EndProject
Global
	GlobalSection(SolutionConfigurationPlatforms) = preSolution
		Debug|Any CPU = Debug|Any CPU
		Release|Any CPU = Release|Any CPU
	EndGlobalSection
	GlobalSection(ProjectConfigurationPlatforms) = postSolution
		{55FCD1F7-76D0-4A91-984B-90B0324B8B2B}.Debug|Any CPU.ActiveCfg = Debug|Any CPU
		{55FCD1F7-76D0-4A91-984B-90B0324B8B2B}.Debug|Any CPU.Build.0 = Debug|Any CPU
		{55FCD1F7-76D0-4A91-984B-90B0324B8B2B}.Release|Any CPU.ActiveCfg = Release|Any CPU
		{55FCD1F7-76D0-4A91-984B-90B0324B8B2B}.Release|Any CPU.Build.0 = Release|Any CPU
	EndGlobalSection
	GlobalSection(SolutionProperties) = preSolution
		HideSolutionNode = FALSE
	EndGlobalSection
	GlobalSection(ExtensibilityGlobals) = postSolution
		SolutionGuid = {98E78A07-A9C9-4D1E-825E-38E462F46E6F}
	EndGlobalSection
EndGlobal
