
Microsoft Visual Studio Solution File, Format Version 12.00
# Visual Studio Version 17
VisualStudioVersion = 17.14.36121.58 d17.14
MinimumVisualStudioVersion = 10.0.40219.1
Project("{FAE04EC0-301F-11D3-BF4B-00C04F79EFBC}") = "Marca textbox", "Marca textbox\Marca textbox.csproj", "{68757ED0-818C-4F55-A93B-47AEE9EE4573}"
EndProject
Global
	GlobalSection(SolutionConfigurationPlatforms) = preSolution
		Debug|Any CPU = Debug|Any CPU
		Release|Any CPU = Release|Any CPU
	EndGlobalSection
	GlobalSection(ProjectConfigurationPlatforms) = postSolution
		{68757ED0-818C-4F55-A93B-47AEE9EE4573}.Debug|Any CPU.ActiveCfg = Debug|Any CPU
		{68757ED0-818C-4F55-A93B-47AEE9EE4573}.Debug|Any CPU.Build.0 = Debug|Any CPU
		{68757ED0-818C-4F55-A93B-47AEE9EE4573}.Release|Any CPU.ActiveCfg = Release|Any CPU
		{68757ED0-818C-4F55-A93B-47AEE9EE4573}.Release|Any CPU.Build.0 = Release|Any CPU
	EndGlobalSection
	GlobalSection(SolutionProperties) = preSolution
		HideSolutionNode = FALSE
	EndGlobalSection
	GlobalSection(ExtensibilityGlobals) = postSolution
		SolutionGuid = {1799B3AB-562A-4412-8931-8A5D6D513E0F}
	EndGlobalSection
EndGlobal
