
Microsoft Visual Studio Solution File, Format Version 12.00
# Visual Studio Version 17
VisualStudioVersion = 17.14.36121.58 d17.14
MinimumVisualStudioVersion = 10.0.40219.1
Project("{FAE04EC0-301F-11D3-BF4B-00C04F79EFBC}") = "Windows_ola_mundo", "Windows_ola_mundo\Windows_ola_mundo.csproj", "{1F783D24-F491-4AE3-B56A-D2C5810B0B57}"
EndProject
Global
	GlobalSection(SolutionConfigurationPlatforms) = preSolution
		Debug|Any CPU = Debug|Any CPU
		Release|Any CPU = Release|Any CPU
	EndGlobalSection
	GlobalSection(ProjectConfigurationPlatforms) = postSolution
		{1F783D24-F491-4AE3-B56A-D2C5810B0B57}.Debug|Any CPU.ActiveCfg = Debug|Any CPU
		{1F783D24-F491-4AE3-B56A-D2C5810B0B57}.Debug|Any CPU.Build.0 = Debug|Any CPU
		{1F783D24-F491-4AE3-B56A-D2C5810B0B57}.Release|Any CPU.ActiveCfg = Release|Any CPU
		{1F783D24-F491-4AE3-B56A-D2C5810B0B57}.Release|Any CPU.Build.0 = Release|Any CPU
	EndGlobalSection
	GlobalSection(SolutionProperties) = preSolution
		HideSolutionNode = FALSE
	EndGlobalSection
	GlobalSection(ExtensibilityGlobals) = postSolution
		SolutionGuid = {CDF1E8F7-7919-439D-A32E-9EA520E32186}
	EndGlobalSection
EndGlobal
