
Microsoft Visual Studio Solution File, Format Version 12.00
# Visual Studio Version 17
VisualStudioVersion = 17.14.36121.58 d17.14
MinimumVisualStudioVersion = 10.0.40219.1
Project("{FAE04EC0-301F-11D3-BF4B-00C04F79EFBC}") = "Calculadora", "Calculadora\Calculadora.csproj", "{655D2B07-DA31-464B-AC56-9F17A0C344D5}"
EndProject
Global
	GlobalSection(SolutionConfigurationPlatforms) = preSolution
		Debug|Any CPU = Debug|Any CPU
		Release|Any CPU = Release|Any CPU
	EndGlobalSection
	GlobalSection(ProjectConfigurationPlatforms) = postSolution
		{655D2B07-DA31-464B-AC56-9F17A0C344D5}.Debug|Any CPU.ActiveCfg = Debug|Any CPU
		{655D2B07-DA31-464B-AC56-9F17A0C344D5}.Debug|Any CPU.Build.0 = Debug|Any CPU
		{655D2B07-DA31-464B-AC56-9F17A0C344D5}.Release|Any CPU.ActiveCfg = Release|Any CPU
		{655D2B07-DA31-464B-AC56-9F17A0C344D5}.Release|Any CPU.Build.0 = Release|Any CPU
	EndGlobalSection
	GlobalSection(SolutionProperties) = preSolution
		HideSolutionNode = FALSE
	EndGlobalSection
	GlobalSection(ExtensibilityGlobals) = postSolution
		SolutionGuid = {BA9923FC-ACE8-4D8C-8CCC-429E2B08CF23}
	EndGlobalSection
EndGlobal
