
Microsoft Visual Studio Solution File, Format Version 12.00
# Visual Studio Version 17
VisualStudioVersion = 17.14.36121.58 d17.14
MinimumVisualStudioVersion = 10.0.40219.1
Project("{FAE04EC0-301F-11D3-BF4B-00C04F79EFBC}") = "Programa entradas", "Programa entradas\Programa entradas.csproj", "{0BD9F8B6-62F3-4F77-9CFC-51B5C0D6C233}"
EndProject
Global
	GlobalSection(SolutionConfigurationPlatforms) = preSolution
		Debug|Any CPU = Debug|Any CPU
		Release|Any CPU = Release|Any CPU
	EndGlobalSection
	GlobalSection(ProjectConfigurationPlatforms) = postSolution
		{0BD9F8B6-62F3-4F77-9CFC-51B5C0D6C233}.Debug|Any CPU.ActiveCfg = Debug|Any CPU
		{0BD9F8B6-62F3-4F77-9CFC-51B5C0D6C233}.Debug|Any CPU.Build.0 = Debug|Any CPU
		{0BD9F8B6-62F3-4F77-9CFC-51B5C0D6C233}.Release|Any CPU.ActiveCfg = Release|Any CPU
		{0BD9F8B6-62F3-4F77-9CFC-51B5C0D6C233}.Release|Any CPU.Build.0 = Release|Any CPU
	EndGlobalSection
	GlobalSection(SolutionProperties) = preSolution
		HideSolutionNode = FALSE
	EndGlobalSection
	GlobalSection(ExtensibilityGlobals) = postSolution
		SolutionGuid = {913839C0-4854-4841-9271-DCCF87C0EEC5}
	EndGlobalSection
EndGlobal
